
Microsoft Visual Studio Solution File, Format Version 12.00
# Visual Studio Version 16
VisualStudioVersion = 16.0.30907.101
MinimumVisualStudioVersion = 10.0.40219.1
Project("{9A19103F-16F7-4668-BE54-9A1E7A4F7556}") = "EcoTec", "EcoTec\EcoTec.csproj", "{BF0F9216-6065-4DBD-B1E1-2C28D46192A9}"
EndProject
Project("{2150E333-8FDC-42A3-9474-1A3956D46DE8}") = "Server", "Server", "{6655509F-AD89-464D-8286-1C23172C1982}"
EndProject
Project("{2150E333-8FDC-42A3-9474-1A3956D46DE8}") = "Complex Domain", "Complex Domain", "{A655A75E-0909-418E-9825-284053C31633}"
EndProject
Project("{2150E333-8FDC-42A3-9474-1A3956D46DE8}") = "Application", "Application", "{337E5435-6CB6-4B5E-81BB-05DC9F958B7D}"
EndProject
Project("{2150E333-8FDC-42A3-9474-1A3956D46DE8}") = "Domain", "Domain", "{2E9B70D8-8403-47F8-9556-42D6CAFA6303}"
EndProject
Project("{2150E333-8FDC-42A3-9474-1A3956D46DE8}") = "Infra", "Infra", "{6CBE6715-600F-4B77-9013-4430C882C0C3}"
EndProject
Project("{9A19103F-16F7-4668-BE54-9A1E7A4F7556}") = "EcoTec.Domain", "EcoTec.Domain\EcoTec.Domain.csproj", "{F906491B-5CF5-4BC2-85D7-1EC739EA18A8}"
EndProject
Project("{9A19103F-16F7-4668-BE54-9A1E7A4F7556}") = "Ecotec.Application", "Ecotec.Application\Ecotec.Application.csproj", "{DD1CE233-8EFE-49D2-8491-0009B63292E5}"
EndProject
Project("{9A19103F-16F7-4668-BE54-9A1E7A4F7556}") = "Ecotec.Infra", "Ecotec.Infra\Ecotec.Infra.csproj", "{0F209B9B-793A-4220-8AFD-6F7C9C7944BD}"
	ProjectSection(ProjectDependencies) = postProject
		{F906491B-5CF5-4BC2-85D7-1EC739EA18A8} = {F906491B-5CF5-4BC2-85D7-1EC739EA18A8}
	EndProjectSection
EndProject
Project("{2150E333-8FDC-42A3-9474-1A3956D46DE8}") = "Data", "Data", "{FC07D1BF-AE99-4BF4-B2DD-B85D5CF36DE1}"
EndProject
Global
	GlobalSection(SolutionConfigurationPlatforms) = preSolution
		Debug|Any CPU = Debug|Any CPU
		Release|Any CPU = Release|Any CPU
	EndGlobalSection
	GlobalSection(ProjectConfigurationPlatforms) = postSolution
		{BF0F9216-6065-4DBD-B1E1-2C28D46192A9}.Debug|Any CPU.ActiveCfg = Debug|Any CPU
		{BF0F9216-6065-4DBD-B1E1-2C28D46192A9}.Debug|Any CPU.Build.0 = Debug|Any CPU
		{BF0F9216-6065-4DBD-B1E1-2C28D46192A9}.Release|Any CPU.ActiveCfg = Release|Any CPU
		{BF0F9216-6065-4DBD-B1E1-2C28D46192A9}.Release|Any CPU.Build.0 = Release|Any CPU
		{F906491B-5CF5-4BC2-85D7-1EC739EA18A8}.Debug|Any CPU.ActiveCfg = Debug|Any CPU
		{F906491B-5CF5-4BC2-85D7-1EC739EA18A8}.Debug|Any CPU.Build.0 = Debug|Any CPU
		{F906491B-5CF5-4BC2-85D7-1EC739EA18A8}.Release|Any CPU.ActiveCfg = Release|Any CPU
		{F906491B-5CF5-4BC2-85D7-1EC739EA18A8}.Release|Any CPU.Build.0 = Release|Any CPU
		{DD1CE233-8EFE-49D2-8491-0009B63292E5}.Debug|Any CPU.ActiveCfg = Debug|Any CPU
		{DD1CE233-8EFE-49D2-8491-0009B63292E5}.Debug|Any CPU.Build.0 = Debug|Any CPU
		{DD1CE233-8EFE-49D2-8491-0009B63292E5}.Release|Any CPU.ActiveCfg = Release|Any CPU
		{DD1CE233-8EFE-49D2-8491-0009B63292E5}.Release|Any CPU.Build.0 = Release|Any CPU
		{0F209B9B-793A-4220-8AFD-6F7C9C7944BD}.Debug|Any CPU.ActiveCfg = Debug|Any CPU
		{0F209B9B-793A-4220-8AFD-6F7C9C7944BD}.Debug|Any CPU.Build.0 = Debug|Any CPU
		{0F209B9B-793A-4220-8AFD-6F7C9C7944BD}.Release|Any CPU.ActiveCfg = Release|Any CPU
		{0F209B9B-793A-4220-8AFD-6F7C9C7944BD}.Release|Any CPU.Build.0 = Release|Any CPU
	EndGlobalSection
	GlobalSection(SolutionProperties) = preSolution
		HideSolutionNode = FALSE
	EndGlobalSection
	GlobalSection(NestedProjects) = preSolution
		{BF0F9216-6065-4DBD-B1E1-2C28D46192A9} = {6655509F-AD89-464D-8286-1C23172C1982}
		{337E5435-6CB6-4B5E-81BB-05DC9F958B7D} = {A655A75E-0909-418E-9825-284053C31633}
		{2E9B70D8-8403-47F8-9556-42D6CAFA6303} = {A655A75E-0909-418E-9825-284053C31633}
		{6CBE6715-600F-4B77-9013-4430C882C0C3} = {A655A75E-0909-418E-9825-284053C31633}
		{F906491B-5CF5-4BC2-85D7-1EC739EA18A8} = {2E9B70D8-8403-47F8-9556-42D6CAFA6303}
		{DD1CE233-8EFE-49D2-8491-0009B63292E5} = {337E5435-6CB6-4B5E-81BB-05DC9F958B7D}
		{0F209B9B-793A-4220-8AFD-6F7C9C7944BD} = {FC07D1BF-AE99-4BF4-B2DD-B85D5CF36DE1}
		{FC07D1BF-AE99-4BF4-B2DD-B85D5CF36DE1} = {6CBE6715-600F-4B77-9013-4430C882C0C3}
	EndGlobalSection
	GlobalSection(ExtensibilityGlobals) = postSolution
		SolutionGuid = {F50E033E-C7B1-4823-8448-FFEC6EF406F7}
	EndGlobalSection
EndGlobal
